
Microsoft Visual Studio Solution File, Format Version 12.00
# Visual Studio Version 17
VisualStudioVersion = 17.14.36429.23 d17.14
MinimumVisualStudioVersion = 10.0.40219.1
Project("{FAE04EC0-301F-11D3-BF4B-00C04F79EFBC}") = "BibonAI", "BibonAI.csproj", "{7D4E2611-9771-4547-835C-CFC1C9FCC782}"
EndProject
Project("{FAE04EC0-301F-11D3-BF4B-00C04F79EFBC}") = "ClientBibon", "..\ClientBibon\ClientBibon.csproj", "{EA7D96B2-122E-4D5E-B6B4-AF42EA411249}"
EndProject
Global
	GlobalSection(SolutionConfigurationPlatforms) = preSolution
		Debug|Any CPU = Debug|Any CPU
		Release|Any CPU = Release|Any CPU
	EndGlobalSection
	GlobalSection(ProjectConfigurationPlatforms) = postSolution
		{7D4E2611-9771-4547-835C-CFC1C9FCC782}.Debug|Any CPU.ActiveCfg = Debug|Any CPU
		{7D4E2611-9771-4547-835C-CFC1C9FCC782}.Debug|Any CPU.Build.0 = Debug|Any CPU
		{7D4E2611-9771-4547-835C-CFC1C9FCC782}.Release|Any CPU.ActiveCfg = Release|Any CPU
		{7D4E2611-9771-4547-835C-CFC1C9FCC782}.Release|Any CPU.Build.0 = Release|Any CPU
		{EA7D96B2-122E-4D5E-B6B4-AF42EA411249}.Debug|Any CPU.ActiveCfg = Debug|Any CPU
		{EA7D96B2-122E-4D5E-B6B4-AF42EA411249}.Debug|Any CPU.Build.0 = Debug|Any CPU
		{EA7D96B2-122E-4D5E-B6B4-AF42EA411249}.Release|Any CPU.ActiveCfg = Release|Any CPU
		{EA7D96B2-122E-4D5E-B6B4-AF42EA411249}.Release|Any CPU.Build.0 = Release|Any CPU
	EndGlobalSection
	GlobalSection(SolutionProperties) = preSolution
		HideSolutionNode = FALSE
	EndGlobalSection
	GlobalSection(ExtensibilityGlobals) = postSolution
		SolutionGuid = {2CD1AA5B-D815-4C0D-845E-98425FA53BA0}
	EndGlobalSection
EndGlobal
